
Microsoft Visual Studio Solution File, Format Version 12.00
# Visual Studio Version 17
VisualStudioVersion = 17.10.34928.147
MinimumVisualStudioVersion = 10.0.40219.1
Project("{FAE04EC0-301F-11D3-BF4B-00C04F79EFBC}") = "GUTZ_Employee_Portal", "GUTZ_Employee_Portal.csproj", "{B690BE1D-27E5-4B9E-B68E-12D03ED6A7C6}"
EndProject
Global
	GlobalSection(SolutionConfigurationPlatforms) = preSolution
		Debug|Any CPU = Debug|Any CPU
		Release|Any CPU = Release|Any CPU
	EndGlobalSection
	GlobalSection(ProjectConfigurationPlatforms) = postSolution
		{B690BE1D-27E5-4B9E-B68E-12D03ED6A7C6}.Debug|Any CPU.ActiveCfg = Debug|Any CPU
		{B690BE1D-27E5-4B9E-B68E-12D03ED6A7C6}.Debug|Any CPU.Build.0 = Debug|Any CPU
		{B690BE1D-27E5-4B9E-B68E-12D03ED6A7C6}.Release|Any CPU.ActiveCfg = Release|Any CPU
		{B690BE1D-27E5-4B9E-B68E-12D03ED6A7C6}.Release|Any CPU.Build.0 = Release|Any CPU
	EndGlobalSection
	GlobalSection(SolutionProperties) = preSolution
		HideSolutionNode = FALSE
	EndGlobalSection
	GlobalSection(ExtensibilityGlobals) = postSolution
		SolutionGuid = {8A8EB28A-25AD-4DB6-BE40-9E5C4B423658}
	EndGlobalSection
EndGlobal
